
Microsoft Visual Studio Solution File, Format Version 12.00
# Visual Studio Version 17
VisualStudioVersion = 17.5.33414.496
MinimumVisualStudioVersion = 10.0.40219.1
Project("{FAE04EC0-301F-11D3-BF4B-00C04F79EFBC}") = "RA3Hook", "RA3Hook\RA3Hook.csproj", "{F07137B1-E54C-479D-A9FD-CF18FF0E0662}"
	ProjectSection(ProjectDependencies) = postProject
		{52E38B91-B8B1-415C-98FA-2DA8E8C9F58A} = {52E38B91-B8B1-415C-98FA-2DA8E8C9F58A}
		{BC929E31-FC3D-4522-B89D-260101E4AD76} = {BC929E31-FC3D-4522-B89D-260101E4AD76}
		{D7BFEAAE-F0A9-4070-9D97-FED46CEF0655} = {D7BFEAAE-F0A9-4070-9D97-FED46CEF0655}
	EndProjectSection
EndProject
Project("{8BC9CEB8-8B4A-11D0-8D11-00A0C91BC942}") = "DllCore", "DllCore\DllCore.vcxproj", "{52E38B91-B8B1-415C-98FA-2DA8E8C9F58A}"
EndProject
Project("{8BC9CEB8-8B4A-11D0-8D11-00A0C91BC942}") = "PackToBIG", "PackToBIG\PackToBIG.vcxproj", "{E501C170-EADD-4D05-A3AC-BB65CD696986}"
EndProject
Project("{8BC9CEB8-8B4A-11D0-8D11-00A0C91BC942}") = "DLLProxy", "DLLProxy\DLLProxy.vcxproj", "{D7BFEAAE-F0A9-4070-9D97-FED46CEF0655}"
EndProject
Project("{8BC9CEB8-8B4A-11D0-8D11-00A0C91BC942}") = "LauncherDLL", "LauncherDLL\LauncherDLL.vcxproj", "{BC929E31-FC3D-4522-B89D-260101E4AD76}"
EndProject
Global
	GlobalSection(SolutionConfigurationPlatforms) = preSolution
		Debug|Any CPU = Debug|Any CPU
		Debug|x64 = Debug|x64
		Debug|x86 = Debug|x86
		netfx3.5-Debug|Any CPU = netfx3.5-Debug|Any CPU
		netfx3.5-Debug|x64 = netfx3.5-Debug|x64
		netfx3.5-Debug|x86 = netfx3.5-Debug|x86
		netfx3.5-Release|Any CPU = netfx3.5-Release|Any CPU
		netfx3.5-Release|x64 = netfx3.5-Release|x64
		netfx3.5-Release|x86 = netfx3.5-Release|x86
		netfx4-Debug|Any CPU = netfx4-Debug|Any CPU
		netfx4-Debug|x64 = netfx4-Debug|x64
		netfx4-Debug|x86 = netfx4-Debug|x86
		netfx4-Release|Any CPU = netfx4-Release|Any CPU
		netfx4-Release|x64 = netfx4-Release|x64
		netfx4-Release|x86 = netfx4-Release|x86
		Release|Any CPU = Release|Any CPU
		Release|x64 = Release|x64
		Release|x86 = Release|x86
	EndGlobalSection
	GlobalSection(ProjectConfigurationPlatforms) = postSolution
		{F07137B1-E54C-479D-A9FD-CF18FF0E0662}.Debug|Any CPU.ActiveCfg = Debug|Any CPU
		{F07137B1-E54C-479D-A9FD-CF18FF0E0662}.Debug|Any CPU.Build.0 = Debug|Any CPU
		{F07137B1-E54C-479D-A9FD-CF18FF0E0662}.Debug|x64.ActiveCfg = Debug|Any CPU
		{F07137B1-E54C-479D-A9FD-CF18FF0E0662}.Debug|x64.Build.0 = Debug|Any CPU
		{F07137B1-E54C-479D-A9FD-CF18FF0E0662}.Debug|x86.ActiveCfg = Debug|Any CPU
		{F07137B1-E54C-479D-A9FD-CF18FF0E0662}.Debug|x86.Build.0 = Debug|Any CPU
		{F07137B1-E54C-479D-A9FD-CF18FF0E0662}.netfx3.5-Debug|Any CPU.ActiveCfg = Debug|Any CPU
		{F07137B1-E54C-479D-A9FD-CF18FF0E0662}.netfx3.5-Debug|Any CPU.Build.0 = Debug|Any CPU
		{F07137B1-E54C-479D-A9FD-CF18FF0E0662}.netfx3.5-Debug|x64.ActiveCfg = Debug|Any CPU
		{F07137B1-E54C-479D-A9FD-CF18FF0E0662}.netfx3.5-Debug|x64.Build.0 = Debug|Any CPU
		{F07137B1-E54C-479D-A9FD-CF18FF0E0662}.netfx3.5-Debug|x86.ActiveCfg = Debug|Any CPU
		{F07137B1-E54C-479D-A9FD-CF18FF0E0662}.netfx3.5-Debug|x86.Build.0 = Debug|Any CPU
		{F07137B1-E54C-479D-A9FD-CF18FF0E0662}.netfx3.5-Release|Any CPU.ActiveCfg = Release|Any CPU
		{F07137B1-E54C-479D-A9FD-CF18FF0E0662}.netfx3.5-Release|Any CPU.Build.0 = Release|Any CPU
		{F07137B1-E54C-479D-A9FD-CF18FF0E0662}.netfx3.5-Release|x64.ActiveCfg = Release|Any CPU
		{F07137B1-E54C-479D-A9FD-CF18FF0E0662}.netfx3.5-Release|x64.Build.0 = Release|Any CPU
		{F07137B1-E54C-479D-A9FD-CF18FF0E0662}.netfx3.5-Release|x86.ActiveCfg = Release|Any CPU
		{F07137B1-E54C-479D-A9FD-CF18FF0E0662}.netfx3.5-Release|x86.Build.0 = Release|Any CPU
		{F07137B1-E54C-479D-A9FD-CF18FF0E0662}.netfx4-Debug|Any CPU.ActiveCfg = Debug|Any CPU
		{F07137B1-E54C-479D-A9FD-CF18FF0E0662}.netfx4-Debug|Any CPU.Build.0 = Debug|Any CPU
		{F07137B1-E54C-479D-A9FD-CF18FF0E0662}.netfx4-Debug|x64.ActiveCfg = Debug|Any CPU
		{F07137B1-E54C-479D-A9FD-CF18FF0E0662}.netfx4-Debug|x64.Build.0 = Debug|Any CPU
		{F07137B1-E54C-479D-A9FD-CF18FF0E0662}.netfx4-Debug|x86.ActiveCfg = Debug|Any CPU
		{F07137B1-E54C-479D-A9FD-CF18FF0E0662}.netfx4-Debug|x86.Build.0 = Debug|Any CPU
		{F07137B1-E54C-479D-A9FD-CF18FF0E0662}.netfx4-Release|Any CPU.ActiveCfg = Release|Any CPU
		{F07137B1-E54C-479D-A9FD-CF18FF0E0662}.netfx4-Release|Any CPU.Build.0 = Release|Any CPU
		{F07137B1-E54C-479D-A9FD-CF18FF0E0662}.netfx4-Release|x64.ActiveCfg = Release|Any CPU
		{F07137B1-E54C-479D-A9FD-CF18FF0E0662}.netfx4-Release|x64.Build.0 = Release|Any CPU
		{F07137B1-E54C-479D-A9FD-CF18FF0E0662}.netfx4-Release|x86.ActiveCfg = Release|Any CPU
		{F07137B1-E54C-479D-A9FD-CF18FF0E0662}.netfx4-Release|x86.Build.0 = Release|Any CPU
		{F07137B1-E54C-479D-A9FD-CF18FF0E0662}.Release|Any CPU.ActiveCfg = Release|Any CPU
		{F07137B1-E54C-479D-A9FD-CF18FF0E0662}.Release|Any CPU.Build.0 = Release|Any CPU
		{F07137B1-E54C-479D-A9FD-CF18FF0E0662}.Release|x64.ActiveCfg = Release|Any CPU
		{F07137B1-E54C-479D-A9FD-CF18FF0E0662}.Release|x64.Build.0 = Release|Any CPU
		{F07137B1-E54C-479D-A9FD-CF18FF0E0662}.Release|x86.ActiveCfg = Release|Any CPU
		{F07137B1-E54C-479D-A9FD-CF18FF0E0662}.Release|x86.Build.0 = Release|Any CPU
		{52E38B91-B8B1-415C-98FA-2DA8E8C9F58A}.Debug|Any CPU.ActiveCfg = Debug|Win32
		{52E38B91-B8B1-415C-98FA-2DA8E8C9F58A}.Debug|Any CPU.Build.0 = Debug|Win32
		{52E38B91-B8B1-415C-98FA-2DA8E8C9F58A}.Debug|x64.ActiveCfg = Debug|Win32
		{52E38B91-B8B1-415C-98FA-2DA8E8C9F58A}.Debug|x64.Build.0 = Debug|Win32
		{52E38B91-B8B1-415C-98FA-2DA8E8C9F58A}.Debug|x86.ActiveCfg = Debug|Win32
		{52E38B91-B8B1-415C-98FA-2DA8E8C9F58A}.Debug|x86.Build.0 = Debug|Win32
		{52E38B91-B8B1-415C-98FA-2DA8E8C9F58A}.netfx3.5-Debug|Any CPU.ActiveCfg = Debug|Win32
		{52E38B91-B8B1-415C-98FA-2DA8E8C9F58A}.netfx3.5-Debug|Any CPU.Build.0 = Debug|Win32
		{52E38B91-B8B1-415C-98FA-2DA8E8C9F58A}.netfx3.5-Debug|x64.ActiveCfg = Debug|Win32
		{52E38B91-B8B1-415C-98FA-2DA8E8C9F58A}.netfx3.5-Debug|x64.Build.0 = Debug|Win32
		{52E38B91-B8B1-415C-98FA-2DA8E8C9F58A}.netfx3.5-Debug|x86.ActiveCfg = Debug|Win32
		{52E38B91-B8B1-415C-98FA-2DA8E8C9F58A}.netfx3.5-Debug|x86.Build.0 = Debug|Win32
		{52E38B91-B8B1-415C-98FA-2DA8E8C9F58A}.netfx3.5-Release|Any CPU.ActiveCfg = Release|Win32
		{52E38B91-B8B1-415C-98FA-2DA8E8C9F58A}.netfx3.5-Release|Any CPU.Build.0 = Release|Win32
		{52E38B91-B8B1-415C-98FA-2DA8E8C9F58A}.netfx3.5-Release|x64.ActiveCfg = Release|Win32
		{52E38B91-B8B1-415C-98FA-2DA8E8C9F58A}.netfx3.5-Release|x64.Build.0 = Release|Win32
		{52E38B91-B8B1-415C-98FA-2DA8E8C9F58A}.netfx3.5-Release|x86.ActiveCfg = Release|Win32
		{52E38B91-B8B1-415C-98FA-2DA8E8C9F58A}.netfx3.5-Release|x86.Build.0 = Release|Win32
		{52E38B91-B8B1-415C-98FA-2DA8E8C9F58A}.netfx4-Debug|Any CPU.ActiveCfg = Debug|Win32
		{52E38B91-B8B1-415C-98FA-2DA8E8C9F58A}.netfx4-Debug|Any CPU.Build.0 = Debug|Win32
		{52E38B91-B8B1-415C-98FA-2DA8E8C9F58A}.netfx4-Debug|x64.ActiveCfg = Debug|Win32
		{52E38B91-B8B1-415C-98FA-2DA8E8C9F58A}.netfx4-Debug|x64.Build.0 = Debug|Win32
		{52E38B91-B8B1-415C-98FA-2DA8E8C9F58A}.netfx4-Debug|x86.ActiveCfg = Debug|Win32
		{52E38B91-B8B1-415C-98FA-2DA8E8C9F58A}.netfx4-Debug|x86.Build.0 = Debug|Win32
		{52E38B91-B8B1-415C-98FA-2DA8E8C9F58A}.netfx4-Release|Any CPU.ActiveCfg = Release|Win32
		{52E38B91-B8B1-415C-98FA-2DA8E8C9F58A}.netfx4-Release|Any CPU.Build.0 = Release|Win32
		{52E38B91-B8B1-415C-98FA-2DA8E8C9F58A}.netfx4-Release|x64.ActiveCfg = Release|Win32
		{52E38B91-B8B1-415C-98FA-2DA8E8C9F58A}.netfx4-Release|x64.Build.0 = Release|Win32
		{52E38B91-B8B1-415C-98FA-2DA8E8C9F58A}.netfx4-Release|x86.ActiveCfg = Release|Win32
		{52E38B91-B8B1-415C-98FA-2DA8E8C9F58A}.netfx4-Release|x86.Build.0 = Release|Win32
		{52E38B91-B8B1-415C-98FA-2DA8E8C9F58A}.Release|Any CPU.ActiveCfg = Release|Win32
		{52E38B91-B8B1-415C-98FA-2DA8E8C9F58A}.Release|Any CPU.Build.0 = Release|Win32
		{52E38B91-B8B1-415C-98FA-2DA8E8C9F58A}.Release|x64.ActiveCfg = Release|Win32
		{52E38B91-B8B1-415C-98FA-2DA8E8C9F58A}.Release|x64.Build.0 = Release|Win32
		{52E38B91-B8B1-415C-98FA-2DA8E8C9F58A}.Release|x86.ActiveCfg = Release|Win32
		{52E38B91-B8B1-415C-98FA-2DA8E8C9F58A}.Release|x86.Build.0 = Release|Win32
		{E501C170-EADD-4D05-A3AC-BB65CD696986}.Debug|Any CPU.ActiveCfg = Debug|x64
		{E501C170-EADD-4D05-A3AC-BB65CD696986}.Debug|Any CPU.Build.0 = Debug|x64
		{E501C170-EADD-4D05-A3AC-BB65CD696986}.Debug|x64.ActiveCfg = Debug|x64
		{E501C170-EADD-4D05-A3AC-BB65CD696986}.Debug|x64.Build.0 = Debug|x64
		{E501C170-EADD-4D05-A3AC-BB65CD696986}.Debug|x86.ActiveCfg = Debug|Win32
		{E501C170-EADD-4D05-A3AC-BB65CD696986}.Debug|x86.Build.0 = Debug|Win32
		{E501C170-EADD-4D05-A3AC-BB65CD696986}.netfx3.5-Debug|Any CPU.ActiveCfg = Debug|x64
		{E501C170-EADD-4D05-A3AC-BB65CD696986}.netfx3.5-Debug|Any CPU.Build.0 = Debug|x64
		{E501C170-EADD-4D05-A3AC-BB65CD696986}.netfx3.5-Debug|x64.ActiveCfg = Debug|x64
		{E501C170-EADD-4D05-A3AC-BB65CD696986}.netfx3.5-Debug|x64.Build.0 = Debug|x64
		{E501C170-EADD-4D05-A3AC-BB65CD696986}.netfx3.5-Debug|x86.ActiveCfg = Debug|Win32
		{E501C170-EADD-4D05-A3AC-BB65CD696986}.netfx3.5-Debug|x86.Build.0 = Debug|Win32
		{E501C170-EADD-4D05-A3AC-BB65CD696986}.netfx3.5-Release|Any CPU.ActiveCfg = Release|x64
		{E501C170-EADD-4D05-A3AC-BB65CD696986}.netfx3.5-Release|Any CPU.Build.0 = Release|x64
		{E501C170-EADD-4D05-A3AC-BB65CD696986}.netfx3.5-Release|x64.ActiveCfg = Release|x64
		{E501C170-EADD-4D05-A3AC-BB65CD696986}.netfx3.5-Release|x64.Build.0 = Release|x64
		{E501C170-EADD-4D05-A3AC-BB65CD696986}.netfx3.5-Release|x86.ActiveCfg = Release|Win32
		{E501C170-EADD-4D05-A3AC-BB65CD696986}.netfx3.5-Release|x86.Build.0 = Release|Win32
		{E501C170-EADD-4D05-A3AC-BB65CD696986}.netfx4-Debug|Any CPU.ActiveCfg = Debug|x64
		{E501C170-EADD-4D05-A3AC-BB65CD696986}.netfx4-Debug|Any CPU.Build.0 = Debug|x64
		{E501C170-EADD-4D05-A3AC-BB65CD696986}.netfx4-Debug|x64.ActiveCfg = Debug|x64
		{E501C170-EADD-4D05-A3AC-BB65CD696986}.netfx4-Debug|x64.Build.0 = Debug|x64
		{E501C170-EADD-4D05-A3AC-BB65CD696986}.netfx4-Debug|x86.ActiveCfg = Debug|Win32
		{E501C170-EADD-4D05-A3AC-BB65CD696986}.netfx4-Debug|x86.Build.0 = Debug|Win32
		{E501C170-EADD-4D05-A3AC-BB65CD696986}.netfx4-Release|Any CPU.ActiveCfg = Release|x64
		{E501C170-EADD-4D05-A3AC-BB65CD696986}.netfx4-Release|Any CPU.Build.0 = Release|x64
		{E501C170-EADD-4D05-A3AC-BB65CD696986}.netfx4-Release|x64.ActiveCfg = Release|x64
		{E501C170-EADD-4D05-A3AC-BB65CD696986}.netfx4-Release|x64.Build.0 = Release|x64
		{E501C170-EADD-4D05-A3AC-BB65CD696986}.netfx4-Release|x86.ActiveCfg = Release|Win32
		{E501C170-EADD-4D05-A3AC-BB65CD696986}.netfx4-Release|x86.Build.0 = Release|Win32
		{E501C170-EADD-4D05-A3AC-BB65CD696986}.Release|Any CPU.ActiveCfg = Release|x64
		{E501C170-EADD-4D05-A3AC-BB65CD696986}.Release|Any CPU.Build.0 = Release|x64
		{E501C170-EADD-4D05-A3AC-BB65CD696986}.Release|x64.ActiveCfg = Release|x64
		{E501C170-EADD-4D05-A3AC-BB65CD696986}.Release|x64.Build.0 = Release|x64
		{E501C170-EADD-4D05-A3AC-BB65CD696986}.Release|x86.ActiveCfg = Release|Win32
		{E501C170-EADD-4D05-A3AC-BB65CD696986}.Release|x86.Build.0 = Release|Win32
		{D7BFEAAE-F0A9-4070-9D97-FED46CEF0655}.Debug|Any CPU.ActiveCfg = Debug|Win32
		{D7BFEAAE-F0A9-4070-9D97-FED46CEF0655}.Debug|Any CPU.Build.0 = Debug|Win32
		{D7BFEAAE-F0A9-4070-9D97-FED46CEF0655}.Debug|x64.ActiveCfg = Debug|Win32
		{D7BFEAAE-F0A9-4070-9D97-FED46CEF0655}.Debug|x64.Build.0 = Debug|Win32
		{D7BFEAAE-F0A9-4070-9D97-FED46CEF0655}.Debug|x86.ActiveCfg = Debug|Win32
		{D7BFEAAE-F0A9-4070-9D97-FED46CEF0655}.Debug|x86.Build.0 = Debug|Win32
		{D7BFEAAE-F0A9-4070-9D97-FED46CEF0655}.netfx3.5-Debug|Any CPU.ActiveCfg = Debug|Win32
		{D7BFEAAE-F0A9-4070-9D97-FED46CEF0655}.netfx3.5-Debug|Any CPU.Build.0 = Debug|Win32
		{D7BFEAAE-F0A9-4070-9D97-FED46CEF0655}.netfx3.5-Debug|x64.ActiveCfg = Debug|Win32
		{D7BFEAAE-F0A9-4070-9D97-FED46CEF0655}.netfx3.5-Debug|x64.Build.0 = Debug|Win32
		{D7BFEAAE-F0A9-4070-9D97-FED46CEF0655}.netfx3.5-Debug|x86.ActiveCfg = Debug|Win32
		{D7BFEAAE-F0A9-4070-9D97-FED46CEF0655}.netfx3.5-Debug|x86.Build.0 = Debug|Win32
		{D7BFEAAE-F0A9-4070-9D97-FED46CEF0655}.netfx3.5-Release|Any CPU.ActiveCfg = Release|Win32
		{D7BFEAAE-F0A9-4070-9D97-FED46CEF0655}.netfx3.5-Release|Any CPU.Build.0 = Release|Win32
		{D7BFEAAE-F0A9-4070-9D97-FED46CEF0655}.netfx3.5-Release|x64.ActiveCfg = Release|Win32
		{D7BFEAAE-F0A9-4070-9D97-FED46CEF0655}.netfx3.5-Release|x64.Build.0 = Release|Win32
		{D7BFEAAE-F0A9-4070-9D97-FED46CEF0655}.netfx3.5-Release|x86.ActiveCfg = Release|Win32
		{D7BFEAAE-F0A9-4070-9D97-FED46CEF0655}.netfx3.5-Release|x86.Build.0 = Release|Win32
		{D7BFEAAE-F0A9-4070-9D97-FED46CEF0655}.netfx4-Debug|Any CPU.ActiveCfg = Debug|Win32
		{D7BFEAAE-F0A9-4070-9D97-FED46CEF0655}.netfx4-Debug|Any CPU.Build.0 = Debug|Win32
		{D7BFEAAE-F0A9-4070-9D97-FED46CEF0655}.netfx4-Debug|x64.ActiveCfg = Debug|Win32
		{D7BFEAAE-F0A9-4070-9D97-FED46CEF0655}.netfx4-Debug|x64.Build.0 = Debug|Win32
		{D7BFEAAE-F0A9-4070-9D97-FED46CEF0655}.netfx4-Debug|x86.ActiveCfg = Debug|Win32
		{D7BFEAAE-F0A9-4070-9D97-FED46CEF0655}.netfx4-Debug|x86.Build.0 = Debug|Win32
		{D7BFEAAE-F0A9-4070-9D97-FED46CEF0655}.netfx4-Release|Any CPU.ActiveCfg = Release|Win32
		{D7BFEAAE-F0A9-4070-9D97-FED46CEF0655}.netfx4-Release|Any CPU.Build.0 = Release|Win32
		{D7BFEAAE-F0A9-4070-9D97-FED46CEF0655}.netfx4-Release|x64.ActiveCfg = Release|Win32
		{D7BFEAAE-F0A9-4070-9D97-FED46CEF0655}.netfx4-Release|x64.Build.0 = Release|Win32
		{D7BFEAAE-F0A9-4070-9D97-FED46CEF0655}.netfx4-Release|x86.ActiveCfg = Release|Win32
		{D7BFEAAE-F0A9-4070-9D97-FED46CEF0655}.netfx4-Release|x86.Build.0 = Release|Win32
		{D7BFEAAE-F0A9-4070-9D97-FED46CEF0655}.Release|Any CPU.ActiveCfg = Release|Win32
		{D7BFEAAE-F0A9-4070-9D97-FED46CEF0655}.Release|Any CPU.Build.0 = Release|Win32
		{D7BFEAAE-F0A9-4070-9D97-FED46CEF0655}.Release|x64.ActiveCfg = Release|Win32
		{D7BFEAAE-F0A9-4070-9D97-FED46CEF0655}.Release|x64.Build.0 = Release|Win32
		{D7BFEAAE-F0A9-4070-9D97-FED46CEF0655}.Release|x86.ActiveCfg = Release|Win32
		{D7BFEAAE-F0A9-4070-9D97-FED46CEF0655}.Release|x86.Build.0 = Release|Win32
		{BC929E31-FC3D-4522-B89D-260101E4AD76}.Debug|Any CPU.ActiveCfg = Debug|Win32
		{BC929E31-FC3D-4522-B89D-260101E4AD76}.Debug|x64.ActiveCfg = Debug|Win32
		{BC929E31-FC3D-4522-B89D-260101E4AD76}.Debug|x86.ActiveCfg = Debug|Win32
		{BC929E31-FC3D-4522-B89D-260101E4AD76}.Debug|x86.Build.0 = Debug|Win32
		{BC929E31-FC3D-4522-B89D-260101E4AD76}.netfx3.5-Debug|Any CPU.ActiveCfg = Debug|Win32
		{BC929E31-FC3D-4522-B89D-260101E4AD76}.netfx3.5-Debug|x64.ActiveCfg = Release|x64
		{BC929E31-FC3D-4522-B89D-260101E4AD76}.netfx3.5-Debug|x86.ActiveCfg = Debug|Win32
		{BC929E31-FC3D-4522-B89D-260101E4AD76}.netfx3.5-Debug|x86.Build.0 = Debug|Win32
		{BC929E31-FC3D-4522-B89D-260101E4AD76}.netfx3.5-Release|Any CPU.ActiveCfg = Release|x64
		{BC929E31-FC3D-4522-B89D-260101E4AD76}.netfx3.5-Release|Any CPU.Build.0 = Release|x64
		{BC929E31-FC3D-4522-B89D-260101E4AD76}.netfx3.5-Release|x64.ActiveCfg = Release|x64
		{BC929E31-FC3D-4522-B89D-260101E4AD76}.netfx3.5-Release|x64.Build.0 = Release|x64
		{BC929E31-FC3D-4522-B89D-260101E4AD76}.netfx3.5-Release|x86.ActiveCfg = Release|Win32
		{BC929E31-FC3D-4522-B89D-260101E4AD76}.netfx3.5-Release|x86.Build.0 = Release|Win32
		{BC929E31-FC3D-4522-B89D-260101E4AD76}.netfx4-Debug|Any CPU.ActiveCfg = Debug|Win32
		{BC929E31-FC3D-4522-B89D-260101E4AD76}.netfx4-Debug|x64.ActiveCfg = Release|x64
		{BC929E31-FC3D-4522-B89D-260101E4AD76}.netfx4-Debug|x86.ActiveCfg = Debug|Win32
		{BC929E31-FC3D-4522-B89D-260101E4AD76}.netfx4-Debug|x86.Build.0 = Debug|Win32
		{BC929E31-FC3D-4522-B89D-260101E4AD76}.netfx4-Release|Any CPU.ActiveCfg = Release|x64
		{BC929E31-FC3D-4522-B89D-260101E4AD76}.netfx4-Release|Any CPU.Build.0 = Release|x64
		{BC929E31-FC3D-4522-B89D-260101E4AD76}.netfx4-Release|x64.ActiveCfg = Release|x64
		{BC929E31-FC3D-4522-B89D-260101E4AD76}.netfx4-Release|x64.Build.0 = Release|x64
		{BC929E31-FC3D-4522-B89D-260101E4AD76}.netfx4-Release|x86.ActiveCfg = Release|Win32
		{BC929E31-FC3D-4522-B89D-260101E4AD76}.netfx4-Release|x86.Build.0 = Release|Win32
		{BC929E31-FC3D-4522-B89D-260101E4AD76}.Release|Any CPU.ActiveCfg = Release|Win32
		{BC929E31-FC3D-4522-B89D-260101E4AD76}.Release|Any CPU.Build.0 = Release|Win32
		{BC929E31-FC3D-4522-B89D-260101E4AD76}.Release|x64.ActiveCfg = Release|x64
		{BC929E31-FC3D-4522-B89D-260101E4AD76}.Release|x64.Build.0 = Release|x64
		{BC929E31-FC3D-4522-B89D-260101E4AD76}.Release|x86.ActiveCfg = Release|Win32
		{BC929E31-FC3D-4522-B89D-260101E4AD76}.Release|x86.Build.0 = Release|Win32
	EndGlobalSection
	GlobalSection(SolutionProperties) = preSolution
		HideSolutionNode = FALSE
	EndGlobalSection
	GlobalSection(ExtensibilityGlobals) = postSolution
		SolutionGuid = {2C293463-BA0F-4FA5-BBAE-077DA349B619}
	EndGlobalSection
EndGlobal
