<?xml version="1.0" encoding="utf-8"?>
<Project ToolsVersion="4.0" xmlns="http://schemas.microsoft.com/developer/msbuild/2003">
  <ItemGroup>
    <Filter Include="Source Files">
      <UniqueIdentifier>{4FC737F1-C7A5-4376-A066-2A32D752A2FF}</UniqueIdentifier>
      <Extensions>cpp;c;cc;cxx;c++;cppm;ixx;def;odl;idl;hpj;bat;asm;asmx</Extensions>
    </Filter>
    <Filter Include="Header Files">
      <UniqueIdentifier>{93995380-89BD-4b04-88EB-625FBE52EBFB}</UniqueIdentifier>
      <Extensions>h;hh;hpp;hxx;h++;hm;inl;inc;ipp;xsd</Extensions>
    </Filter>
    <Filter Include="Resource Files">
      <UniqueIdentifier>{67DA6AB6-F800-4c08-8B7A-83BB121AAD01}</UniqueIdentifier>
      <Extensions>rc;ico;cur;bmp;dlg;rc2;rct;bin;rgs;gif;jpg;jpeg;jpe;resx;tiff;tif;png;wav;mfcribbon-ms</Extensions>
    </Filter>
    <Filter Include="Source Files\Base">
      <UniqueIdentifier>{9d76b902-1041-484f-8430-8ed0c0bd7f47}</UniqueIdentifier>
    </Filter>
    <Filter Include="Source Files\Modules">
      <UniqueIdentifier>{8d577e99-8315-495d-9c8e-288d2efd5f5c}</UniqueIdentifier>
    </Filter>
  </ItemGroup>
  <ItemGroup>
    <ClInclude Include="framework.h">
      <Filter>Header Files</Filter>
    </ClInclude>
    <ClInclude Include="pch.h">
      <Filter>Header Files</Filter>
    </ClInclude>
    <ClInclude Include="utiliy.h">
      <Filter>Source Files</Filter>
    </ClInclude>
    <ClInclude Include="commonAddr.hpp">
      <Filter>Source Files</Filter>
    </ClInclude>
    <ClInclude Include="funcOther.h">
      <Filter>Source Files</Filter>
    </ClInclude>
    <ClInclude Include="commonData.hpp">
      <Filter>Source Files</Filter>
    </ClInclude>
    <ClInclude Include="funcPlayer.h">
      <Filter>Source Files</Filter>
    </ClInclude>
    <ClInclude Include="funcWeapon.h">
      <Filter>Source Files</Filter>
    </ClInclude>
    <ClInclude Include="commonMain.h">
      <Filter>Source Files</Filter>
    </ClInclude>
    <ClInclude Include="commonEnum.hpp">
      <Filter>Header Files</Filter>
    </ClInclude>
    <ClInclude Include="commonStruct.hpp">
      <Filter>Header Files</Filter>
    </ClInclude>
    <ClInclude Include="funcAIUpdate.h">
      <Filter>Source Files</Filter>
    </ClInclude>
    <ClInclude Include="LuaEngine.h">
      <Filter>Source Files</Filter>
    </ClInclude>
    <ClInclude Include="utiliy_game.h">
      <Filter>Header Files</Filter>
    </ClInclude>
    <ClInclude Include="funcAIUpdate_Address.hpp">
      <Filter>Source Files</Filter>
    </ClInclude>
    <ClInclude Include="funcAPT.h">
      <Filter>Source Files</Filter>
    </ClInclude>
    <ClInclude Include="Base\CommonStructure.hpp">
      <Filter>Source Files\Base</Filter>
    </ClInclude>
    <ClInclude Include="Modules\M_ShieldSphereUpdate.h">
      <Filter>Source Files\Modules</Filter>
    </ClInclude>
    <ClInclude Include="Modules\M_LaserState.h">
      <Filter>Source Files\Modules</Filter>
    </ClInclude>
    <ClInclude Include="Modules\1CallModules.hpp">
      <Filter>Source Files\Modules</Filter>
    </ClInclude>
    <ClInclude Include="Base\SSE.hpp">
      <Filter>Source Files\Base</Filter>
    </ClInclude>
    <ClInclude Include="Base\GlobalStructure.h">
      <Filter>Source Files\Base</Filter>
    </ClInclude>
  </ItemGroup>
  <ItemGroup>
    <ClCompile Include="dllmain.cpp">
      <Filter>Source Files</Filter>
    </ClCompile>
    <ClCompile Include="utiliy.cpp">
      <Filter>Source Files</Filter>
    </ClCompile>
    <ClCompile Include="funcOther.cpp">
      <Filter>Source Files</Filter>
    </ClCompile>
    <ClCompile Include="funcPlayer.cpp">
      <Filter>Source Files</Filter>
    </ClCompile>
    <ClCompile Include="funcWeapon.cpp">
      <Filter>Source Files</Filter>
    </ClCompile>
    <ClCompile Include="commonMain.cpp">
      <Filter>Source Files</Filter>
    </ClCompile>
    <ClCompile Include="funcAIUpdate.cpp">
      <Filter>Source Files</Filter>
    </ClCompile>
    <ClCompile Include="LuaEngine.cpp">
      <Filter>Source Files</Filter>
    </ClCompile>
    <ClCompile Include="pch.cpp">
      <Filter>Header Files</Filter>
    </ClCompile>
    <ClCompile Include="utiliy_game.cpp">
      <Filter>Header Files</Filter>
    </ClCompile>
    <ClCompile Include="funcAPT.cpp">
      <Filter>Source Files</Filter>
    </ClCompile>
    <ClCompile Include="Modules\M_LaserState.cpp">
      <Filter>Source Files\Modules</Filter>
    </ClCompile>
    <ClCompile Include="Base\GlobalStructure.cpp">
      <Filter>Source Files\Base</Filter>
    </ClCompile>
  </ItemGroup>
</Project>