<?xml version="1.0" encoding="utf-8"?>
<Project ToolsVersion="4.0" xmlns="http://schemas.microsoft.com/developer/msbuild/2003">
  <ItemGroup>
    <Filter Include="Resource Files">
      <UniqueIdentifier>{67DA6AB6-F800-4c08-8B7A-83BB121AAD01}</UniqueIdentifier>
      <Extensions>rc;ico;cur;bmp;dlg;rc2;rct;bin;rgs;gif;jpg;jpeg;jpe;resx;tiff;tif;png;wav;mfcribbon-ms</Extensions>
    </Filter>
    <Filter Include="main code">
      <UniqueIdentifier>{4FC737F1-C7A5-4376-A066-2A32D752A2FF}</UniqueIdentifier>
      <Extensions>cpp;c;cc;cxx;c++;cppm;ixx;def;odl;idl;hpj;bat;asm;asmx</Extensions>
    </Filter>
    <Filter Include="main code\core">
      <UniqueIdentifier>{f629707b-2685-46a2-82d5-f5263896c473}</UniqueIdentifier>
    </Filter>
    <Filter Include="Source Files">
      <UniqueIdentifier>{9f7fb7ba-3fab-42f9-967b-3089cf697e94}</UniqueIdentifier>
    </Filter>
    <Filter Include="Source Files\Base">
      <UniqueIdentifier>{ad03ed47-6110-4b29-85a7-4734749fdf29}</UniqueIdentifier>
    </Filter>
    <Filter Include="Source Files\Modules">
      <UniqueIdentifier>{a27fa4a2-f93e-4501-8519-0e3861c3d648}</UniqueIdentifier>
    </Filter>
    <Filter Include="Source Files\Core">
      <UniqueIdentifier>{21b3d902-a430-4ac0-8c41-eac6ca73ad42}</UniqueIdentifier>
    </Filter>
  </ItemGroup>
  <ItemGroup>
    <ClInclude Include="framework.h">
      <Filter>main code</Filter>
    </ClInclude>
    <ClInclude Include="pch.h">
      <Filter>main code</Filter>
    </ClInclude>
    <ClInclude Include="proxy.h">
      <Filter>main code</Filter>
    </ClInclude>
    <ClInclude Include="..\DllCore\commonEnum.hpp">
      <Filter>main code\core</Filter>
    </ClInclude>
    <ClInclude Include="..\DllCore\commonStruct.hpp">
      <Filter>main code\core</Filter>
    </ClInclude>
    <ClInclude Include="..\DllCore\utiliy_game.h">
      <Filter>main code\core</Filter>
    </ClInclude>
    <ClInclude Include="..\DllCore\commonAddr.hpp">
      <Filter>Source Files</Filter>
    </ClInclude>
    <ClInclude Include="..\DllCore\commonData.hpp">
      <Filter>Source Files</Filter>
    </ClInclude>
    <ClInclude Include="..\DllCore\commonMain.h">
      <Filter>Source Files</Filter>
    </ClInclude>
    <ClInclude Include="..\DllCore\funcAIUpdate.h">
      <Filter>Source Files</Filter>
    </ClInclude>
    <ClInclude Include="..\DllCore\funcAIUpdate_Address.hpp">
      <Filter>Source Files</Filter>
    </ClInclude>
    <ClInclude Include="..\DllCore\funcAPT.h">
      <Filter>Source Files</Filter>
    </ClInclude>
    <ClInclude Include="..\DllCore\funcOther.h">
      <Filter>Source Files</Filter>
    </ClInclude>
    <ClInclude Include="..\DllCore\funcPlayer.h">
      <Filter>Source Files</Filter>
    </ClInclude>
    <ClInclude Include="..\DllCore\funcWeapon.h">
      <Filter>Source Files</Filter>
    </ClInclude>
    <ClInclude Include="..\DllCore\LuaEngine.h">
      <Filter>Source Files</Filter>
    </ClInclude>
    <ClInclude Include="..\DllCore\utiliy.h">
      <Filter>Source Files</Filter>
    </ClInclude>
    <ClInclude Include="..\DllCore\Base\CommonStructure.hpp">
      <Filter>Source Files\Base</Filter>
    </ClInclude>
    <ClInclude Include="..\DllCore\Base\GlobalStructure.h">
      <Filter>Source Files\Base</Filter>
    </ClInclude>
    <ClInclude Include="..\DllCore\Base\SSE.hpp">
      <Filter>Source Files\Base</Filter>
    </ClInclude>
    <ClInclude Include="..\DllCore\Modules\1CallModules.hpp">
      <Filter>Source Files\Modules</Filter>
    </ClInclude>
    <ClInclude Include="..\DllCore\Modules\M_BezierProjectile.h">
      <Filter>Source Files\Modules</Filter>
    </ClInclude>
    <ClInclude Include="..\DllCore\Modules\M_LaserState.h">
      <Filter>Source Files\Modules</Filter>
    </ClInclude>
    <ClInclude Include="..\DllCore\Modules\M_ShieldSphereUpdate.h">
      <Filter>Source Files\Modules</Filter>
    </ClInclude>
    <ClInclude Include="..\DllCore\Core\1CallCore.hpp">
      <Filter>Source Files\Core</Filter>
    </ClInclude>
    <ClInclude Include="..\DllCore\Core\C_AttributeModifier.h">
      <Filter>Source Files\Core</Filter>
    </ClInclude>
    <ClInclude Include="..\DllCore\Core\C_Weapon.h">
      <Filter>Source Files\Core</Filter>
    </ClInclude>
    <ClInclude Include="..\DllCore\Core\C_Subsystem.h">
      <Filter>Source Files\Core</Filter>
    </ClInclude>
    <ClInclude Include="..\DllCore\Modules\M_PassiveAreaEffectBehavior.h">
      <Filter>Source Files\Modules</Filter>
    </ClInclude>
    <ClInclude Include="..\DllCore\Core\C_GameObject.h">
      <Filter>Source Files\Core</Filter>
    </ClInclude>
    <ClInclude Include="..\DllCore\Core\C_System.h">
      <Filter>Source Files\Core</Filter>
    </ClInclude>
    <ClInclude Include="..\DllCore\Base\GlobalParameter.hpp">
      <Filter>Source Files\Base</Filter>
    </ClInclude>
    <ClInclude Include="..\DllCore\Core\C_ThingTemplate.h">
      <Filter>Source Files\Core</Filter>
    </ClInclude>
    <ClInclude Include="..\DllCore\Core\C_Skirmish.h">
      <Filter>Source Files\Core</Filter>
    </ClInclude>
    <ClInclude Include="..\DllCore\Base\FileSystem.h">
      <Filter>Source Files\Base</Filter>
    </ClInclude>
  </ItemGroup>
  <ItemGroup>
    <ClCompile Include="dllmain.cpp">
      <Filter>main code</Filter>
    </ClCompile>
    <ClCompile Include="pch.cpp">
      <Filter>main code</Filter>
    </ClCompile>
    <ClCompile Include="..\DllCore\utiliy_game.cpp">
      <Filter>main code\core</Filter>
    </ClCompile>
    <ClCompile Include="..\DllCore\commonMain.cpp">
      <Filter>Source Files</Filter>
    </ClCompile>
    <ClCompile Include="..\DllCore\funcAIUpdate.cpp">
      <Filter>Source Files</Filter>
    </ClCompile>
    <ClCompile Include="..\DllCore\funcAPT.cpp">
      <Filter>Source Files</Filter>
    </ClCompile>
    <ClCompile Include="..\DllCore\funcOther.cpp">
      <Filter>Source Files</Filter>
    </ClCompile>
    <ClCompile Include="..\DllCore\funcPlayer.cpp">
      <Filter>Source Files</Filter>
    </ClCompile>
    <ClCompile Include="..\DllCore\funcWeapon.cpp">
      <Filter>Source Files</Filter>
    </ClCompile>
    <ClCompile Include="..\DllCore\LuaEngine.cpp">
      <Filter>Source Files</Filter>
    </ClCompile>
    <ClCompile Include="..\DllCore\utiliy.cpp">
      <Filter>Source Files</Filter>
    </ClCompile>
    <ClCompile Include="..\DllCore\Base\GlobalStructure.cpp">
      <Filter>Source Files\Base</Filter>
    </ClCompile>
    <ClCompile Include="..\DllCore\Modules\M_BezierProjectile.cpp">
      <Filter>Source Files\Modules</Filter>
    </ClCompile>
    <ClCompile Include="..\DllCore\Modules\M_LaserState.cpp">
      <Filter>Source Files\Modules</Filter>
    </ClCompile>
    <ClCompile Include="..\DllCore\Modules\M_ShieldSphereUpdate.cpp">
      <Filter>Source Files\Modules</Filter>
    </ClCompile>
    <ClCompile Include="..\DllCore\Core\C_AttributeModifier.cpp">
      <Filter>Source Files\Core</Filter>
    </ClCompile>
    <ClCompile Include="..\DllCore\Core\C_Weapon.cpp">
      <Filter>Source Files\Core</Filter>
    </ClCompile>
    <ClCompile Include="..\DllCore\Core\C_Subsystem.cpp">
      <Filter>Source Files\Core</Filter>
    </ClCompile>
    <ClCompile Include="..\DllCore\Modules\M_PassiveAreaEffectBehavior.cpp">
      <Filter>Source Files\Modules</Filter>
    </ClCompile>
    <ClCompile Include="..\DllCore\Core\C_System.cpp">
      <Filter>Source Files\Core</Filter>
    </ClCompile>
    <ClCompile Include="..\DllCore\Core\C_GameObject.cpp">
      <Filter>Source Files\Core</Filter>
    </ClCompile>
    <ClCompile Include="..\DllCore\Core\C_ThingTemplate.cpp">
      <Filter>Source Files\Core</Filter>
    </ClCompile>
    <ClCompile Include="..\DllCore\Core\C_Skirmish.cpp">
      <Filter>Source Files\Core</Filter>
    </ClCompile>
    <ClCompile Include="..\DllCore\Base\FileSystem.cpp">
      <Filter>Source Files\Base</Filter>
    </ClCompile>
  </ItemGroup>
</Project>